
Microsoft Visual Studio Solution File, Format Version 12.00
# Visual Studio Version 16
VisualStudioVersion = 16.0.31624.102
MinimumVisualStudioVersion = 10.0.40219.1
Project("{FAE04EC0-301F-11D3-BF4B-00C04F79EFBC}") = "CreatePhoneNumber", "CreatePhoneNumber\CreatePhoneNumber.csproj", "{A23E49D0-668D-4148-A3B9-CCE30C5BC73A}"
EndProject
Project("{FAE04EC0-301F-11D3-BF4B-00C04F79EFBC}") = "Who likes it", "Who likes it\Who likes it.csproj", "{23863FC2-98DB-41BD-8522-F4E84BA82168}"
EndProject
Global
	GlobalSection(SolutionConfigurationPlatforms) = preSolution
		Debug|Any CPU = Debug|Any CPU
		Release|Any CPU = Release|Any CPU
	EndGlobalSection
	GlobalSection(ProjectConfigurationPlatforms) = postSolution
		{A23E49D0-668D-4148-A3B9-CCE30C5BC73A}.Debug|Any CPU.ActiveCfg = Debug|Any CPU
		{A23E49D0-668D-4148-A3B9-CCE30C5BC73A}.Debug|Any CPU.Build.0 = Debug|Any CPU
		{A23E49D0-668D-4148-A3B9-CCE30C5BC73A}.Release|Any CPU.ActiveCfg = Release|Any CPU
		{A23E49D0-668D-4148-A3B9-CCE30C5BC73A}.Release|Any CPU.Build.0 = Release|Any CPU
		{23863FC2-98DB-41BD-8522-F4E84BA82168}.Debug|Any CPU.ActiveCfg = Debug|Any CPU
		{23863FC2-98DB-41BD-8522-F4E84BA82168}.Debug|Any CPU.Build.0 = Debug|Any CPU
		{23863FC2-98DB-41BD-8522-F4E84BA82168}.Release|Any CPU.ActiveCfg = Release|Any CPU
		{23863FC2-98DB-41BD-8522-F4E84BA82168}.Release|Any CPU.Build.0 = Release|Any CPU
	EndGlobalSection
	GlobalSection(SolutionProperties) = preSolution
		HideSolutionNode = FALSE
	EndGlobalSection
	GlobalSection(ExtensibilityGlobals) = postSolution
		SolutionGuid = {BE758841-EA44-4F44-8DEA-5C9550212136}
	EndGlobalSection
EndGlobal
